
Microsoft Visual Studio Solution File, Format Version 12.00
# Visual Studio Version 16
VisualStudioVersion = 16.0.31005.135
MinimumVisualStudioVersion = 10.0.40219.1
Project("{FAE04EC0-301F-11D3-BF4B-00C04F79EFBC}") = "Task1", "Task1\Task1.csproj", "{1365C013-6A6C-4262-B9BE-3DB8EC81549B}"
EndProject
Project("{FAE04EC0-301F-11D3-BF4B-00C04F79EFBC}") = "StringMethods", "StringMethods\StringMethods.csproj", "{970AAC0B-5F33-4F08-AB3B-AFC56B651C24}"
EndProject
Global
	GlobalSection(SolutionConfigurationPlatforms) = preSolution
		Debug|Any CPU = Debug|Any CPU
		Release|Any CPU = Release|Any CPU
	EndGlobalSection
	GlobalSection(ProjectConfigurationPlatforms) = postSolution
		{1365C013-6A6C-4262-B9BE-3DB8EC81549B}.Debug|Any CPU.ActiveCfg = Debug|Any CPU
		{1365C013-6A6C-4262-B9BE-3DB8EC81549B}.Debug|Any CPU.Build.0 = Debug|Any CPU
		{1365C013-6A6C-4262-B9BE-3DB8EC81549B}.Release|Any CPU.ActiveCfg = Release|Any CPU
		{1365C013-6A6C-4262-B9BE-3DB8EC81549B}.Release|Any CPU.Build.0 = Release|Any CPU
		{970AAC0B-5F33-4F08-AB3B-AFC56B651C24}.Debug|Any CPU.ActiveCfg = Debug|Any CPU
		{970AAC0B-5F33-4F08-AB3B-AFC56B651C24}.Debug|Any CPU.Build.0 = Debug|Any CPU
		{970AAC0B-5F33-4F08-AB3B-AFC56B651C24}.Release|Any CPU.ActiveCfg = Release|Any CPU
		{970AAC0B-5F33-4F08-AB3B-AFC56B651C24}.Release|Any CPU.Build.0 = Release|Any CPU
	EndGlobalSection
	GlobalSection(SolutionProperties) = preSolution
		HideSolutionNode = FALSE
	EndGlobalSection
	GlobalSection(ExtensibilityGlobals) = postSolution
		SolutionGuid = {D8EFB222-6AA4-4AC0-9755-154A1475F764}
	EndGlobalSection
EndGlobal
