
Microsoft Visual Studio Solution File, Format Version 12.00
# Visual Studio Version 16
VisualStudioVersion = 16.0.31005.135
MinimumVisualStudioVersion = 10.0.40219.1
Project("{FAE04EC0-301F-11D3-BF4B-00C04F79EFBC}") = "Task3", "Task3\Task3.csproj", "{168C4B9B-DE47-478B-8840-1432A9780504}"
EndProject
Project("{FAE04EC0-301F-11D3-BF4B-00C04F79EFBC}") = "JewelesInStones", "JewelsInStones\JewelesInStones.csproj", "{C9987DAD-9464-4E8D-B969-52A31C69B96F}"
EndProject
Global
	GlobalSection(SolutionConfigurationPlatforms) = preSolution
		Debug|Any CPU = Debug|Any CPU
		Release|Any CPU = Release|Any CPU
	EndGlobalSection
	GlobalSection(ProjectConfigurationPlatforms) = postSolution
		{168C4B9B-DE47-478B-8840-1432A9780504}.Debug|Any CPU.ActiveCfg = Debug|Any CPU
		{168C4B9B-DE47-478B-8840-1432A9780504}.Debug|Any CPU.Build.0 = Debug|Any CPU
		{168C4B9B-DE47-478B-8840-1432A9780504}.Release|Any CPU.ActiveCfg = Release|Any CPU
		{168C4B9B-DE47-478B-8840-1432A9780504}.Release|Any CPU.Build.0 = Release|Any CPU
		{C9987DAD-9464-4E8D-B969-52A31C69B96F}.Debug|Any CPU.ActiveCfg = Debug|Any CPU
		{C9987DAD-9464-4E8D-B969-52A31C69B96F}.Debug|Any CPU.Build.0 = Debug|Any CPU
		{C9987DAD-9464-4E8D-B969-52A31C69B96F}.Release|Any CPU.ActiveCfg = Release|Any CPU
		{C9987DAD-9464-4E8D-B969-52A31C69B96F}.Release|Any CPU.Build.0 = Release|Any CPU
	EndGlobalSection
	GlobalSection(SolutionProperties) = preSolution
		HideSolutionNode = FALSE
	EndGlobalSection
	GlobalSection(ExtensibilityGlobals) = postSolution
		SolutionGuid = {1F5F5245-6E4E-4FB7-AFF5-1929954144AF}
	EndGlobalSection
EndGlobal
